// !$*UTF8*$!
{
	archiveVersion = 1;
	classes = {
	};
	objectVersion = 54;
	objects = {

/* Begin PBXBuildFile section */
		00E356F31AD99517003FC87E /* laundrydeliveryboyTests.m in Sources */ = {isa = PBXBuildFile; fileRef = 00E356F21AD99517003FC87E /* laundrydeliveryboyTests.m */; };
		13B07FBC1A68108700A75B9A /* AppDelegate.m in Sources */ = {isa = PBXBuildFile; fileRef = 13B07FB01A68108700A75B9A /* AppDelegate.m */; };
		13B07FBF1A68108700A75B9A /* Images.xcassets in Resources */ = {isa = PBXBuildFile; fileRef = 13B07FB51A68108700A75B9A /* Images.xcassets */; };
		13B07FC11A68108700A75B9A /* main.m in Sources */ = {isa = PBXBuildFile; fileRef = 13B07FB71A68108700A75B9A /* main.m */; };
		81AB9BB82411601600AC10FF /* LaunchScreen.storyboard in Resources */ = {isa = PBXBuildFile; fileRef = 81AB9BB72411601600AC10FF /* LaunchScreen.storyboard */; };
		E099894BEC224C7BBA37CE70 /* AntDesign.ttf in Resources */ = {isa = PBXBuildFile; fileRef = 662D01EA0AD340AF8F0D5B91 /* AntDesign.ttf */; };
		B661CD29D69A47E29237790B /* Entypo.ttf in Resources */ = {isa = PBXBuildFile; fileRef = DA9C4E4812E4432597DC2618 /* Entypo.ttf */; };
		F1B7D9433982455F92AFF9BD /* EvilIcons.ttf in Resources */ = {isa = PBXBuildFile; fileRef = 7C57B8552D6842A8AA91E8B0 /* EvilIcons.ttf */; };
		F92117D3458F4A948A5E80C4 /* Feather.ttf in Resources */ = {isa = PBXBuildFile; fileRef = 34C535C9312A4AC6843A8783 /* Feather.ttf */; };
		CF5D2A6377744B2E9F0B00B0 /* FontAwesome.ttf in Resources */ = {isa = PBXBuildFile; fileRef = 34DB9393821A4F20B578DD3B /* FontAwesome.ttf */; };
		8699DAD62E7241D983C4070A /* FontAwesome5_Brands.ttf in Resources */ = {isa = PBXBuildFile; fileRef = 13646B1E686042EE9D896FC3 /* FontAwesome5_Brands.ttf */; };
		251818222017407183B3B899 /* FontAwesome5_Regular.ttf in Resources */ = {isa = PBXBuildFile; fileRef = 01E7F3DA39684C5CBFF08668 /* FontAwesome5_Regular.ttf */; };
		350CC35147634B1F94B66496 /* FontAwesome5_Solid.ttf in Resources */ = {isa = PBXBuildFile; fileRef = 7AA0891DC8FF43FA8C11B5C7 /* FontAwesome5_Solid.ttf */; };
		D8E8F5B3FCE9437CA46AD795 /* Fontisto.ttf in Resources */ = {isa = PBXBuildFile; fileRef = 73DC2004626946159C7D8A00 /* Fontisto.ttf */; };
		2F0B152F5B57432FBD832DB1 /* Foundation.ttf in Resources */ = {isa = PBXBuildFile; fileRef = ACCA5E834CAD4FE886FE8B1C /* Foundation.ttf */; };
		8D088DA1BBFA4F0BABDD5A61 /* Ionicons.ttf in Resources */ = {isa = PBXBuildFile; fileRef = 77FE75B1E0F248D48BECA266 /* Ionicons.ttf */; };
		4D1B8A5D43A14043B33DCB27 /* MaterialCommunityIcons.ttf in Resources */ = {isa = PBXBuildFile; fileRef = 8C61B00D6DD247A6AEE36D18 /* MaterialCommunityIcons.ttf */; };
		96C22ACCDCAC4A9C98459FAF /* MaterialIcons.ttf in Resources */ = {isa = PBXBuildFile; fileRef = F02255904E974C4DBEDF0CC6 /* MaterialIcons.ttf */; };
		DA366677FEDA4DCD97472E6E /* Octicons.ttf in Resources */ = {isa = PBXBuildFile; fileRef = B211F95B99EC49719072592D /* Octicons.ttf */; };
		CF60FA4501014424A7801C05 /* SimpleLineIcons.ttf in Resources */ = {isa = PBXBuildFile; fileRef = D09423C436CF4EE78F30999C /* SimpleLineIcons.ttf */; };
		82488697A77D472C99460730 /* Zocial.ttf in Resources */ = {isa = PBXBuildFile; fileRef = D60379D935A547C78EDA6EAC /* Zocial.ttf */; };
		F019FBF7E1104E5386A2950B /* Poppins-Black.ttf in Resources */ = {isa = PBXBuildFile; fileRef = 58AF5B5845E4426C9EAB6094 /* Poppins-Black.ttf */; };
		857C5E998F4245D187D383C0 /* Poppins-BlackItalic.ttf in Resources */ = {isa = PBXBuildFile; fileRef = C5548C8D92074740ABE72E77 /* Poppins-BlackItalic.ttf */; };
		CE1D9587EEE74F10997AA54D /* Poppins-Bold.ttf in Resources */ = {isa = PBXBuildFile; fileRef = 406C2CDF063D489CA7B6039B /* Poppins-Bold.ttf */; };
		7659A0B296F14185B12452ED /* Poppins-BoldItalic.ttf in Resources */ = {isa = PBXBuildFile; fileRef = CE115095175E4FEAA209748D /* Poppins-BoldItalic.ttf */; };
		1471F670FF794FE6B2DE5FD4 /* Poppins-ExtraBold.ttf in Resources */ = {isa = PBXBuildFile; fileRef = 2674A2296D9A4F9BB3ACB5EB /* Poppins-ExtraBold.ttf */; };
		E7D4667283D3453882D2523B /* Poppins-ExtraBoldItalic.ttf in Resources */ = {isa = PBXBuildFile; fileRef = 34D5223A6B784154B8F528E8 /* Poppins-ExtraBoldItalic.ttf */; };
		B8715BD3DD464098A94DB0DC /* Poppins-ExtraLight.ttf in Resources */ = {isa = PBXBuildFile; fileRef = E9C0CCA52D8441FFB5674B1F /* Poppins-ExtraLight.ttf */; };
		26163E0CBF2D484E82A5C29F /* Poppins-ExtraLightItalic.ttf in Resources */ = {isa = PBXBuildFile; fileRef = 51F4C591AA5E466891AB5979 /* Poppins-ExtraLightItalic.ttf */; };
		176763BBD90D4AABAF2D764B /* Poppins-Italic.ttf in Resources */ = {isa = PBXBuildFile; fileRef = 223341CF3ADC4BB0BABADE9A /* Poppins-Italic.ttf */; };
		FFE62C86773A4CC6B5020B7F /* Poppins-Light.ttf in Resources */ = {isa = PBXBuildFile; fileRef = 066605B092E04ACA9AEF000D /* Poppins-Light.ttf */; };
		4607F3F6DC3A476C8361DD2D /* Poppins-LightItalic.ttf in Resources */ = {isa = PBXBuildFile; fileRef = 1943F04A0B634B3182CF6945 /* Poppins-LightItalic.ttf */; };
		AEF0599A56EA4C35B4423D7B /* Poppins-Medium.ttf in Resources */ = {isa = PBXBuildFile; fileRef = 41FA15B6AE0F44D7B7C508C5 /* Poppins-Medium.ttf */; };
		7E02C29CF94B4541B396AAC8 /* Poppins-MediumItalic.ttf in Resources */ = {isa = PBXBuildFile; fileRef = E6D33B0E7C054C43A29E13E8 /* Poppins-MediumItalic.ttf */; };
		5F268D63EF494F0ABA85E912 /* Poppins-Regular.ttf in Resources */ = {isa = PBXBuildFile; fileRef = 4E57DEF95D2343F18BC9D0AA /* Poppins-Regular.ttf */; };
		7E9B8033AEFB49568F1E02FC /* Poppins-SemiBold.ttf in Resources */ = {isa = PBXBuildFile; fileRef = CBB532B74E5047429612AF6F /* Poppins-SemiBold.ttf */; };
		EBC502866B4A4BE2990FE22B /* Poppins-SemiBoldItalic.ttf in Resources */ = {isa = PBXBuildFile; fileRef = 10495DA3B548407C8D783A66 /* Poppins-SemiBoldItalic.ttf */; };
		034EEA98972C4C1B9B16E537 /* Poppins-Thin.ttf in Resources */ = {isa = PBXBuildFile; fileRef = A9619B62DD754D6E9BB228B0 /* Poppins-Thin.ttf */; };
		17417CC7744348BD8A85237B /* Poppins-ThinItalic.ttf in Resources */ = {isa = PBXBuildFile; fileRef = 07003B7484454EB7B47A1A4F /* Poppins-ThinItalic.ttf */; };
		7EA1F9D918EA4C648C7B6BD3 /* Roboto-Black.ttf in Resources */ = {isa = PBXBuildFile; fileRef = B2799A7CBDEA4F938AD6D5E0 /* Roboto-Black.ttf */; };
/* End PBXBuildFile section */

/* Begin PBXContainerItemProxy section */
		00E356F41AD99517003FC87E /* PBXContainerItemProxy */ = {
			isa = PBXContainerItemProxy;
			containerPortal = 83CBB9F71A601CBA00E9B192 /* Project object */;
			proxyType = 1;
			remoteGlobalIDString = 13B07F861A680F5B00A75B9A;
			remoteInfo = laundrydeliveryboy;
		};
/* End PBXContainerItemProxy section */

/* Begin PBXFileReference section */
		00E356EE1AD99517003FC87E /* laundrydeliveryboyTests.xctest */ = {isa = PBXFileReference; explicitFileType = wrapper.cfbundle; includeInIndex = 0; path = laundrydeliveryboyTests.xctest; sourceTree = BUILT_PRODUCTS_DIR; };
		00E356F11AD99517003FC87E /* Info.plist */ = {isa = PBXFileReference; lastKnownFileType = text.plist.xml; path = Info.plist; sourceTree = "<group>"; };
		00E356F21AD99517003FC87E /* laundrydeliveryboyTests.m */ = {isa = PBXFileReference; lastKnownFileType = sourcecode.c.objc; path = laundrydeliveryboyTests.m; sourceTree = "<group>"; };
		13B07F961A680F5B00A75B9A /* laundrydeliveryboy.app */ = {isa = PBXFileReference; explicitFileType = wrapper.application; includeInIndex = 0; path = laundrydeliveryboy.app; sourceTree = BUILT_PRODUCTS_DIR; };
		13B07FAF1A68108700A75B9A /* AppDelegate.h */ = {isa = PBXFileReference; fileEncoding = 4; lastKnownFileType = sourcecode.c.h; name = AppDelegate.h; path = laundrydeliveryboy/AppDelegate.h; sourceTree = "<group>"; };
		13B07FB01A68108700A75B9A /* AppDelegate.m */ = {isa = PBXFileReference; fileEncoding = 4; lastKnownFileType = sourcecode.c.objc; name = AppDelegate.m; path = laundrydeliveryboy/AppDelegate.m; sourceTree = "<group>"; };
		13B07FB51A68108700A75B9A /* Images.xcassets */ = {isa = PBXFileReference; lastKnownFileType = folder.assetcatalog; name = Images.xcassets; path = laundrydeliveryboy/Images.xcassets; sourceTree = "<group>"; };
		13B07FB61A68108700A75B9A /* Info.plist */ = {isa = PBXFileReference; fileEncoding = 4; lastKnownFileType = text.plist.xml; name = Info.plist; path = laundrydeliveryboy/Info.plist; sourceTree = "<group>"; };
		13B07FB71A68108700A75B9A /* main.m */ = {isa = PBXFileReference; fileEncoding = 4; lastKnownFileType = sourcecode.c.objc; name = main.m; path = laundrydeliveryboy/main.m; sourceTree = "<group>"; };
		81AB9BB72411601600AC10FF /* LaunchScreen.storyboard */ = {isa = PBXFileReference; fileEncoding = 4; lastKnownFileType = file.storyboard; name = LaunchScreen.storyboard; path = laundrydeliveryboy/LaunchScreen.storyboard; sourceTree = "<group>"; };
		ED297162215061F000B7C4FE /* JavaScriptCore.framework */ = {isa = PBXFileReference; lastKnownFileType = wrapper.framework; name = JavaScriptCore.framework; path = System/Library/Frameworks/JavaScriptCore.framework; sourceTree = SDKROOT; };
		662D01EA0AD340AF8F0D5B91 /* AntDesign.ttf */ = {isa = PBXFileReference; name = "AntDesign.ttf"; path = "../node_modules/react-native-vector-icons/Fonts/AntDesign.ttf"; sourceTree = "<group>"; fileEncoding = undefined; lastKnownFileType = unknown; explicitFileType = undefined; includeInIndex = 0; };
		DA9C4E4812E4432597DC2618 /* Entypo.ttf */ = {isa = PBXFileReference; name = "Entypo.ttf"; path = "../node_modules/react-native-vector-icons/Fonts/Entypo.ttf"; sourceTree = "<group>"; fileEncoding = undefined; lastKnownFileType = unknown; explicitFileType = undefined; includeInIndex = 0; };
		7C57B8552D6842A8AA91E8B0 /* EvilIcons.ttf */ = {isa = PBXFileReference; name = "EvilIcons.ttf"; path = "../node_modules/react-native-vector-icons/Fonts/EvilIcons.ttf"; sourceTree = "<group>"; fileEncoding = undefined; lastKnownFileType = unknown; explicitFileType = undefined; includeInIndex = 0; };
		34C535C9312A4AC6843A8783 /* Feather.ttf */ = {isa = PBXFileReference; name = "Feather.ttf"; path = "../node_modules/react-native-vector-icons/Fonts/Feather.ttf"; sourceTree = "<group>"; fileEncoding = undefined; lastKnownFileType = unknown; explicitFileType = undefined; includeInIndex = 0; };
		34DB9393821A4F20B578DD3B /* FontAwesome.ttf */ = {isa = PBXFileReference; name = "FontAwesome.ttf"; path = "../node_modules/react-native-vector-icons/Fonts/FontAwesome.ttf"; sourceTree = "<group>"; fileEncoding = undefined; lastKnownFileType = unknown; explicitFileType = undefined; includeInIndex = 0; };
		13646B1E686042EE9D896FC3 /* FontAwesome5_Brands.ttf */ = {isa = PBXFileReference; name = "FontAwesome5_Brands.ttf"; path = "../node_modules/react-native-vector-icons/Fonts/FontAwesome5_Brands.ttf"; sourceTree = "<group>"; fileEncoding = undefined; lastKnownFileType = unknown; explicitFileType = undefined; includeInIndex = 0; };
		01E7F3DA39684C5CBFF08668 /* FontAwesome5_Regular.ttf */ = {isa = PBXFileReference; name = "FontAwesome5_Regular.ttf"; path = "../node_modules/react-native-vector-icons/Fonts/FontAwesome5_Regular.ttf"; sourceTree = "<group>"; fileEncoding = undefined; lastKnownFileType = unknown; explicitFileType = undefined; includeInIndex = 0; };
		7AA0891DC8FF43FA8C11B5C7 /* FontAwesome5_Solid.ttf */ = {isa = PBXFileReference; name = "FontAwesome5_Solid.ttf"; path = "../node_modules/react-native-vector-icons/Fonts/FontAwesome5_Solid.ttf"; sourceTree = "<group>"; fileEncoding = undefined; lastKnownFileType = unknown; explicitFileType = undefined; includeInIndex = 0; };
		73DC2004626946159C7D8A00 /* Fontisto.ttf */ = {isa = PBXFileReference; name = "Fontisto.ttf"; path = "../node_modules/react-native-vector-icons/Fonts/Fontisto.ttf"; sourceTree = "<group>"; fileEncoding = undefined; lastKnownFileType = unknown; explicitFileType = undefined; includeInIndex = 0; };
		ACCA5E834CAD4FE886FE8B1C /* Foundation.ttf */ = {isa = PBXFileReference; name = "Foundation.ttf"; path = "../node_modules/react-native-vector-icons/Fonts/Foundation.ttf"; sourceTree = "<group>"; fileEncoding = undefined; lastKnownFileType = unknown; explicitFileType = undefined; includeInIndex = 0; };
		77FE75B1E0F248D48BECA266 /* Ionicons.ttf */ = {isa = PBXFileReference; name = "Ionicons.ttf"; path = "../node_modules/react-native-vector-icons/Fonts/Ionicons.ttf"; sourceTree = "<group>"; fileEncoding = undefined; lastKnownFileType = unknown; explicitFileType = undefined; includeInIndex = 0; };
		8C61B00D6DD247A6AEE36D18 /* MaterialCommunityIcons.ttf */ = {isa = PBXFileReference; name = "MaterialCommunityIcons.ttf"; path = "../node_modules/react-native-vector-icons/Fonts/MaterialCommunityIcons.ttf"; sourceTree = "<group>"; fileEncoding = undefined; lastKnownFileType = unknown; explicitFileType = undefined; includeInIndex = 0; };
		F02255904E974C4DBEDF0CC6 /* MaterialIcons.ttf */ = {isa = PBXFileReference; name = "MaterialIcons.ttf"; path = "../node_modules/react-native-vector-icons/Fonts/MaterialIcons.ttf"; sourceTree = "<group>"; fileEncoding = undefined; lastKnownFileType = unknown; explicitFileType = undefined; includeInIndex = 0; };
		B211F95B99EC49719072592D /* Octicons.ttf */ = {isa = PBXFileReference; name = "Octicons.ttf"; path = "../node_modules/react-native-vector-icons/Fonts/Octicons.ttf"; sourceTree = "<group>"; fileEncoding = undefined; lastKnownFileType = unknown; explicitFileType = undefined; includeInIndex = 0; };
		D09423C436CF4EE78F30999C /* SimpleLineIcons.ttf */ = {isa = PBXFileReference; name = "SimpleLineIcons.ttf"; path = "../node_modules/react-native-vector-icons/Fonts/SimpleLineIcons.ttf"; sourceTree = "<group>"; fileEncoding = undefined; lastKnownFileType = unknown; explicitFileType = undefined; includeInIndex = 0; };
		D60379D935A547C78EDA6EAC /* Zocial.ttf */ = {isa = PBXFileReference; name = "Zocial.ttf"; path = "../node_modules/react-native-vector-icons/Fonts/Zocial.ttf"; sourceTree = "<group>"; fileEncoding = undefined; lastKnownFileType = unknown; explicitFileType = undefined; includeInIndex = 0; };
		58AF5B5845E4426C9EAB6094 /* Poppins-Black.ttf */ = {isa = PBXFileReference; name = "Poppins-Black.ttf"; path = "../src/assets/fonts/Poppins-Black.ttf"; sourceTree = "<group>"; fileEncoding = undefined; lastKnownFileType = unknown; explicitFileType = undefined; includeInIndex = 0; };
		C5548C8D92074740ABE72E77 /* Poppins-BlackItalic.ttf */ = {isa = PBXFileReference; name = "Poppins-BlackItalic.ttf"; path = "../src/assets/fonts/Poppins-BlackItalic.ttf"; sourceTree = "<group>"; fileEncoding = undefined; lastKnownFileType = unknown; explicitFileType = undefined; includeInIndex = 0; };
		406C2CDF063D489CA7B6039B /* Poppins-Bold.ttf */ = {isa = PBXFileReference; name = "Poppins-Bold.ttf"; path = "../src/assets/fonts/Poppins-Bold.ttf"; sourceTree = "<group>"; fileEncoding = undefined; lastKnownFileType = unknown; explicitFileType = undefined; includeInIndex = 0; };
		CE115095175E4FEAA209748D /* Poppins-BoldItalic.ttf */ = {isa = PBXFileReference; name = "Poppins-BoldItalic.ttf"; path = "../src/assets/fonts/Poppins-BoldItalic.ttf"; sourceTree = "<group>"; fileEncoding = undefined; lastKnownFileType = unknown; explicitFileType = undefined; includeInIndex = 0; };
		2674A2296D9A4F9BB3ACB5EB /* Poppins-ExtraBold.ttf */ = {isa = PBXFileReference; name = "Poppins-ExtraBold.ttf"; path = "../src/assets/fonts/Poppins-ExtraBold.ttf"; sourceTree = "<group>"; fileEncoding = undefined; lastKnownFileType = unknown; explicitFileType = undefined; includeInIndex = 0; };
		34D5223A6B784154B8F528E8 /* Poppins-ExtraBoldItalic.ttf */ = {isa = PBXFileReference; name = "Poppins-ExtraBoldItalic.ttf"; path = "../src/assets/fonts/Poppins-ExtraBoldItalic.ttf"; sourceTree = "<group>"; fileEncoding = undefined; lastKnownFileType = unknown; explicitFileType = undefined; includeInIndex = 0; };
		E9C0CCA52D8441FFB5674B1F /* Poppins-ExtraLight.ttf */ = {isa = PBXFileReference; name = "Poppins-ExtraLight.ttf"; path = "../src/assets/fonts/Poppins-ExtraLight.ttf"; sourceTree = "<group>"; fileEncoding = undefined; lastKnownFileType = unknown; explicitFileType = undefined; includeInIndex = 0; };
		51F4C591AA5E466891AB5979 /* Poppins-ExtraLightItalic.ttf */ = {isa = PBXFileReference; name = "Poppins-ExtraLightItalic.ttf"; path = "../src/assets/fonts/Poppins-ExtraLightItalic.ttf"; sourceTree = "<group>"; fileEncoding = undefined; lastKnownFileType = unknown; explicitFileType = undefined; includeInIndex = 0; };
		223341CF3ADC4BB0BABADE9A /* Poppins-Italic.ttf */ = {isa = PBXFileReference; name = "Poppins-Italic.ttf"; path = "../src/assets/fonts/Poppins-Italic.ttf"; sourceTree = "<group>"; fileEncoding = undefined; lastKnownFileType = unknown; explicitFileType = undefined; includeInIndex = 0; };
		066605B092E04ACA9AEF000D /* Poppins-Light.ttf */ = {isa = PBXFileReference; name = "Poppins-Light.ttf"; path = "../src/assets/fonts/Poppins-Light.ttf"; sourceTree = "<group>"; fileEncoding = undefined; lastKnownFileType = unknown; explicitFileType = undefined; includeInIndex = 0; };
		1943F04A0B634B3182CF6945 /* Poppins-LightItalic.ttf */ = {isa = PBXFileReference; name = "Poppins-LightItalic.ttf"; path = "../src/assets/fonts/Poppins-LightItalic.ttf"; sourceTree = "<group>"; fileEncoding = undefined; lastKnownFileType = unknown; explicitFileType = undefined; includeInIndex = 0; };
		41FA15B6AE0F44D7B7C508C5 /* Poppins-Medium.ttf */ = {isa = PBXFileReference; name = "Poppins-Medium.ttf"; path = "../src/assets/fonts/Poppins-Medium.ttf"; sourceTree = "<group>"; fileEncoding = undefined; lastKnownFileType = unknown; explicitFileType = undefined; includeInIndex = 0; };
		E6D33B0E7C054C43A29E13E8 /* Poppins-MediumItalic.ttf */ = {isa = PBXFileReference; name = "Poppins-MediumItalic.ttf"; path = "../src/assets/fonts/Poppins-MediumItalic.ttf"; sourceTree = "<group>"; fileEncoding = undefined; lastKnownFileType = unknown; explicitFileType = undefined; includeInIndex = 0; };
		4E57DEF95D2343F18BC9D0AA /* Poppins-Regular.ttf */ = {isa = PBXFileReference; name = "Poppins-Regular.ttf"; path = "../src/assets/fonts/Poppins-Regular.ttf"; sourceTree = "<group>"; fileEncoding = undefined; lastKnownFileType = unknown; explicitFileType = undefined; includeInIndex = 0; };
		CBB532B74E5047429612AF6F /* Poppins-SemiBold.ttf */ = {isa = PBXFileReference; name = "Poppins-SemiBold.ttf"; path = "../src/assets/fonts/Poppins-SemiBold.ttf"; sourceTree = "<group>"; fileEncoding = undefined; lastKnownFileType = unknown; explicitFileType = undefined; includeInIndex = 0; };
		10495DA3B548407C8D783A66 /* Poppins-SemiBoldItalic.ttf */ = {isa = PBXFileReference; name = "Poppins-SemiBoldItalic.ttf"; path = "../src/assets/fonts/Poppins-SemiBoldItalic.ttf"; sourceTree = "<group>"; fileEncoding = undefined; lastKnownFileType = unknown; explicitFileType = undefined; includeInIndex = 0; };
		A9619B62DD754D6E9BB228B0 /* Poppins-Thin.ttf */ = {isa = PBXFileReference; name = "Poppins-Thin.ttf"; path = "../src/assets/fonts/Poppins-Thin.ttf"; sourceTree = "<group>"; fileEncoding = undefined; lastKnownFileType = unknown; explicitFileType = undefined; includeInIndex = 0; };
		07003B7484454EB7B47A1A4F /* Poppins-ThinItalic.ttf */ = {isa = PBXFileReference; name = "Poppins-ThinItalic.ttf"; path = "../src/assets/fonts/Poppins-ThinItalic.ttf"; sourceTree = "<group>"; fileEncoding = undefined; lastKnownFileType = unknown; explicitFileType = undefined; includeInIndex = 0; };
		B2799A7CBDEA4F938AD6D5E0 /* Roboto-Black.ttf */ = {isa = PBXFileReference; name = "Roboto-Black.ttf"; path = "../src/assets/fonts/Roboto-Black.ttf"; sourceTree = "<group>"; fileEncoding = undefined; lastKnownFileType = unknown; explicitFileType = undefined; includeInIndex = 0; };
/* End PBXFileReference section */

/* Begin PBXFrameworksBuildPhase section */
		00E356EB1AD99517003FC87E /* Frameworks */ = {
			isa = PBXFrameworksBuildPhase;
			buildActionMask = 2147483647;
			files = (
			);
			runOnlyForDeploymentPostprocessing = 0;
		};
		13B07F8C1A680F5B00A75B9A /* Frameworks */ = {
			isa = PBXFrameworksBuildPhase;
			buildActionMask = 2147483647;
			files = (
			);
			runOnlyForDeploymentPostprocessing = 0;
		};
/* End PBXFrameworksBuildPhase section */

/* Begin PBXGroup section */
		00E356EF1AD99517003FC87E /* laundrydeliveryboyTests */ = {
			isa = PBXGroup;
			children = (
				00E356F21AD99517003FC87E /* laundrydeliveryboyTests.m */,
				00E356F01AD99517003FC87E /* Supporting Files */,
			);
			path = laundrydeliveryboyTests;
			sourceTree = "<group>";
		};
		00E356F01AD99517003FC87E /* Supporting Files */ = {
			isa = PBXGroup;
			children = (
				00E356F11AD99517003FC87E /* Info.plist */,
			);
			name = "Supporting Files";
			sourceTree = "<group>";
		};
		13B07FAE1A68108700A75B9A /* laundrydeliveryboy */ = {
			isa = PBXGroup;
			children = (
				13B07FAF1A68108700A75B9A /* AppDelegate.h */,
				13B07FB01A68108700A75B9A /* AppDelegate.m */,
				13B07FB51A68108700A75B9A /* Images.xcassets */,
				13B07FB61A68108700A75B9A /* Info.plist */,
				81AB9BB72411601600AC10FF /* LaunchScreen.storyboard */,
				13B07FB71A68108700A75B9A /* main.m */,
			);
			name = laundrydeliveryboy;
			sourceTree = "<group>";
		};
		2D16E6871FA4F8E400B85C8A /* Frameworks */ = {
			isa = PBXGroup;
			children = (
				ED297162215061F000B7C4FE /* JavaScriptCore.framework */,
			);
			name = Frameworks;
			sourceTree = "<group>";
		};
		832341AE1AAA6A7D00B99B32 /* Libraries */ = {
			isa = PBXGroup;
			children = (
			);
			name = Libraries;
			sourceTree = "<group>";
		};
		83CBB9F61A601CBA00E9B192 = {
			isa = PBXGroup;
			children = (
				13B07FAE1A68108700A75B9A /* laundrydeliveryboy */,
				832341AE1AAA6A7D00B99B32 /* Libraries */,
				00E356EF1AD99517003FC87E /* laundrydeliveryboyTests */,
				83CBBA001A601CBA00E9B192 /* Products */,
				2D16E6871FA4F8E400B85C8A /* Frameworks */,
				E1E3DDD8D26F4F07A12CE301 /* Resources */,
			);
			indentWidth = 2;
			sourceTree = "<group>";
			tabWidth = 2;
			usesTabs = 0;
		};
		83CBBA001A601CBA00E9B192 /* Products */ = {
			isa = PBXGroup;
			children = (
				13B07F961A680F5B00A75B9A /* laundrydeliveryboy.app */,
				00E356EE1AD99517003FC87E /* laundrydeliveryboyTests.xctest */,
			);
			name = Products;
			sourceTree = "<group>";
		};
		E1E3DDD8D26F4F07A12CE301 /* Resources */ = {
			isa = "PBXGroup";
			children = (
				662D01EA0AD340AF8F0D5B91 /* AntDesign.ttf */,
				DA9C4E4812E4432597DC2618 /* Entypo.ttf */,
				7C57B8552D6842A8AA91E8B0 /* EvilIcons.ttf */,
				34C535C9312A4AC6843A8783 /* Feather.ttf */,
				34DB9393821A4F20B578DD3B /* FontAwesome.ttf */,
				13646B1E686042EE9D896FC3 /* FontAwesome5_Brands.ttf */,
				01E7F3DA39684C5CBFF08668 /* FontAwesome5_Regular.ttf */,
				7AA0891DC8FF43FA8C11B5C7 /* FontAwesome5_Solid.ttf */,
				73DC2004626946159C7D8A00 /* Fontisto.ttf */,
				ACCA5E834CAD4FE886FE8B1C /* Foundation.ttf */,
				77FE75B1E0F248D48BECA266 /* Ionicons.ttf */,
				8C61B00D6DD247A6AEE36D18 /* MaterialCommunityIcons.ttf */,
				F02255904E974C4DBEDF0CC6 /* MaterialIcons.ttf */,
				B211F95B99EC49719072592D /* Octicons.ttf */,
				D09423C436CF4EE78F30999C /* SimpleLineIcons.ttf */,
				D60379D935A547C78EDA6EAC /* Zocial.ttf */,
				58AF5B5845E4426C9EAB6094 /* Poppins-Black.ttf */,
				C5548C8D92074740ABE72E77 /* Poppins-BlackItalic.ttf */,
				406C2CDF063D489CA7B6039B /* Poppins-Bold.ttf */,
				CE115095175E4FEAA209748D /* Poppins-BoldItalic.ttf */,
				2674A2296D9A4F9BB3ACB5EB /* Poppins-ExtraBold.ttf */,
				34D5223A6B784154B8F528E8 /* Poppins-ExtraBoldItalic.ttf */,
				E9C0CCA52D8441FFB5674B1F /* Poppins-ExtraLight.ttf */,
				51F4C591AA5E466891AB5979 /* Poppins-ExtraLightItalic.ttf */,
				223341CF3ADC4BB0BABADE9A /* Poppins-Italic.ttf */,
				066605B092E04ACA9AEF000D /* Poppins-Light.ttf */,
				1943F04A0B634B3182CF6945 /* Poppins-LightItalic.ttf */,
				41FA15B6AE0F44D7B7C508C5 /* Poppins-Medium.ttf */,
				E6D33B0E7C054C43A29E13E8 /* Poppins-MediumItalic.ttf */,
				4E57DEF95D2343F18BC9D0AA /* Poppins-Regular.ttf */,
				CBB532B74E5047429612AF6F /* Poppins-SemiBold.ttf */,
				10495DA3B548407C8D783A66 /* Poppins-SemiBoldItalic.ttf */,
				A9619B62DD754D6E9BB228B0 /* Poppins-Thin.ttf */,
				07003B7484454EB7B47A1A4F /* Poppins-ThinItalic.ttf */,
				B2799A7CBDEA4F938AD6D5E0 /* Roboto-Black.ttf */,
			);
			name = Resources;
			sourceTree = "<group>";
			path = "";
		};
/* End PBXGroup section */

/* Begin PBXNativeTarget section */
		00E356ED1AD99517003FC87E /* laundrydeliveryboyTests */ = {
			isa = PBXNativeTarget;
			buildConfigurationList = 00E357021AD99517003FC87E /* Build configuration list for PBXNativeTarget "laundrydeliveryboyTests" */;
			buildPhases = (
				00E356EA1AD99517003FC87E /* Sources */,
				00E356EB1AD99517003FC87E /* Frameworks */,
				00E356EC1AD99517003FC87E /* Resources */,
			);
			buildRules = (
			);
			dependencies = (
				00E356F51AD99517003FC87E /* PBXTargetDependency */,
			);
			name = laundrydeliveryboyTests;
			productName = laundrydeliveryboyTests;
			productReference = 00E356EE1AD99517003FC87E /* laundrydeliveryboyTests.xctest */;
			productType = "com.apple.product-type.bundle.unit-test";
		};
		13B07F861A680F5B00A75B9A /* laundrydeliveryboy */ = {
			isa = PBXNativeTarget;
			buildConfigurationList = 13B07F931A680F5B00A75B9A /* Build configuration list for PBXNativeTarget "laundrydeliveryboy" */;
			buildPhases = (
				FD10A7F022414F080027D42C /* Start Packager */,
				13B07F871A680F5B00A75B9A /* Sources */,
				13B07F8C1A680F5B00A75B9A /* Frameworks */,
				13B07F8E1A680F5B00A75B9A /* Resources */,
				00DD1BFF1BD5951E006B06BC /* Bundle React Native code and images */,
			);
			buildRules = (
			);
			dependencies = (
			);
			name = laundrydeliveryboy;
			productName = laundrydeliveryboy;
			productReference = 13B07F961A680F5B00A75B9A /* laundrydeliveryboy.app */;
			productType = "com.apple.product-type.application";
		};
/* End PBXNativeTarget section */

/* Begin PBXProject section */
		83CBB9F71A601CBA00E9B192 /* Project object */ = {
			isa = PBXProject;
			attributes = {
				LastUpgradeCheck = 1210;
				TargetAttributes = {
					00E356ED1AD99517003FC87E = {
						CreatedOnToolsVersion = 6.2;
						TestTargetID = 13B07F861A680F5B00A75B9A;
					};
					13B07F861A680F5B00A75B9A = {
						LastSwiftMigration = 1120;
					};
				};
			};
			buildConfigurationList = 83CBB9FA1A601CBA00E9B192 /* Build configuration list for PBXProject "laundrydeliveryboy" */;
			compatibilityVersion = "Xcode 12.0";
			developmentRegion = en;
			hasScannedForEncodings = 0;
			knownRegions = (
				en,
				Base,
			);
			mainGroup = 83CBB9F61A601CBA00E9B192;
			productRefGroup = 83CBBA001A601CBA00E9B192 /* Products */;
			projectDirPath = "";
			projectRoot = "";
			targets = (
				13B07F861A680F5B00A75B9A /* laundrydeliveryboy */,
				00E356ED1AD99517003FC87E /* laundrydeliveryboyTests */,
			);
		};
/* End PBXProject section */

/* Begin PBXResourcesBuildPhase section */
		00E356EC1AD99517003FC87E /* Resources */ = {
			isa = PBXResourcesBuildPhase;
			buildActionMask = 2147483647;
			files = (
			);
			runOnlyForDeploymentPostprocessing = 0;
		};
		13B07F8E1A680F5B00A75B9A /* Resources */ = {
			isa = PBXResourcesBuildPhase;
			buildActionMask = 2147483647;
			files = (
				81AB9BB82411601600AC10FF /* LaunchScreen.storyboard in Resources */,
				13B07FBF1A68108700A75B9A /* Images.xcassets in Resources */,
				E099894BEC224C7BBA37CE70 /* AntDesign.ttf in Resources */,
				B661CD29D69A47E29237790B /* Entypo.ttf in Resources */,
				F1B7D9433982455F92AFF9BD /* EvilIcons.ttf in Resources */,
				F92117D3458F4A948A5E80C4 /* Feather.ttf in Resources */,
				CF5D2A6377744B2E9F0B00B0 /* FontAwesome.ttf in Resources */,
				8699DAD62E7241D983C4070A /* FontAwesome5_Brands.ttf in Resources */,
				251818222017407183B3B899 /* FontAwesome5_Regular.ttf in Resources */,
				350CC35147634B1F94B66496 /* FontAwesome5_Solid.ttf in Resources */,
				D8E8F5B3FCE9437CA46AD795 /* Fontisto.ttf in Resources */,
				2F0B152F5B57432FBD832DB1 /* Foundation.ttf in Resources */,
				8D088DA1BBFA4F0BABDD5A61 /* Ionicons.ttf in Resources */,
				4D1B8A5D43A14043B33DCB27 /* MaterialCommunityIcons.ttf in Resources */,
				96C22ACCDCAC4A9C98459FAF /* MaterialIcons.ttf in Resources */,
				DA366677FEDA4DCD97472E6E /* Octicons.ttf in Resources */,
				CF60FA4501014424A7801C05 /* SimpleLineIcons.ttf in Resources */,
				82488697A77D472C99460730 /* Zocial.ttf in Resources */,
				F019FBF7E1104E5386A2950B /* Poppins-Black.ttf in Resources */,
				857C5E998F4245D187D383C0 /* Poppins-BlackItalic.ttf in Resources */,
				CE1D9587EEE74F10997AA54D /* Poppins-Bold.ttf in Resources */,
				7659A0B296F14185B12452ED /* Poppins-BoldItalic.ttf in Resources */,
				1471F670FF794FE6B2DE5FD4 /* Poppins-ExtraBold.ttf in Resources */,
				E7D4667283D3453882D2523B /* Poppins-ExtraBoldItalic.ttf in Resources */,
				B8715BD3DD464098A94DB0DC /* Poppins-ExtraLight.ttf in Resources */,
				26163E0CBF2D484E82A5C29F /* Poppins-ExtraLightItalic.ttf in Resources */,
				176763BBD90D4AABAF2D764B /* Poppins-Italic.ttf in Resources */,
				FFE62C86773A4CC6B5020B7F /* Poppins-Light.ttf in Resources */,
				4607F3F6DC3A476C8361DD2D /* Poppins-LightItalic.ttf in Resources */,
				AEF0599A56EA4C35B4423D7B /* Poppins-Medium.ttf in Resources */,
				7E02C29CF94B4541B396AAC8 /* Poppins-MediumItalic.ttf in Resources */,
				5F268D63EF494F0ABA85E912 /* Poppins-Regular.ttf in Resources */,
				7E9B8033AEFB49568F1E02FC /* Poppins-SemiBold.ttf in Resources */,
				EBC502866B4A4BE2990FE22B /* Poppins-SemiBoldItalic.ttf in Resources */,
				034EEA98972C4C1B9B16E537 /* Poppins-Thin.ttf in Resources */,
				17417CC7744348BD8A85237B /* Poppins-ThinItalic.ttf in Resources */,
				7EA1F9D918EA4C648C7B6BD3 /* Roboto-Black.ttf in Resources */,
			);
			runOnlyForDeploymentPostprocessing = 0;
		};
/* End PBXResourcesBuildPhase section */

/* Begin PBXShellScriptBuildPhase section */
		00DD1BFF1BD5951E006B06BC /* Bundle React Native code and images */ = {
			isa = PBXShellScriptBuildPhase;
			buildActionMask = 2147483647;
			files = (
			);
			inputPaths = (
			);
			name = "Bundle React Native code and images";
			outputPaths = (
			);
			runOnlyForDeploymentPostprocessing = 0;
			shellPath = /bin/sh;
			shellScript = "set -e\n\nexport NODE_BINARY=node\n../node_modules/react-native/scripts/react-native-xcode.sh\n";
		};
		FD10A7F022414F080027D42C /* Start Packager */ = {
			isa = PBXShellScriptBuildPhase;
			buildActionMask = 2147483647;
			files = (
			);
			inputFileListPaths = (
			);
			inputPaths = (
			);
			name = "Start Packager";
			outputFileListPaths = (
			);
			outputPaths = (
			);
			runOnlyForDeploymentPostprocessing = 0;
			shellPath = /bin/sh;
			shellScript = "export RCT_METRO_PORT=\"${RCT_METRO_PORT:=8081}\"\necho \"export RCT_METRO_PORT=${RCT_METRO_PORT}\" > \"${SRCROOT}/../node_modules/react-native/scripts/.packager.env\"\nif [ -z \"${RCT_NO_LAUNCH_PACKAGER+xxx}\" ] ; then\n  if nc -w 5 -z localhost ${RCT_METRO_PORT} ; then\n    if ! curl -s \"http://localhost:${RCT_METRO_PORT}/status\" | grep -q \"packager-status:running\" ; then\n      echo \"Port ${RCT_METRO_PORT} already in use, packager is either not running or not running correctly\"\n      exit 2\n    fi\n  else\n    open \"$SRCROOT/../node_modules/react-native/scripts/launchPackager.command\" || echo \"Can't start packager automatically\"\n  fi\nfi\n";
			showEnvVarsInLog = 0;
		};
/* End PBXShellScriptBuildPhase section */

/* Begin PBXSourcesBuildPhase section */
		00E356EA1AD99517003FC87E /* Sources */ = {
			isa = PBXSourcesBuildPhase;
			buildActionMask = 2147483647;
			files = (
				00E356F31AD99517003FC87E /* laundrydeliveryboyTests.m in Sources */,
			);
			runOnlyForDeploymentPostprocessing = 0;
		};
		13B07F871A680F5B00A75B9A /* Sources */ = {
			isa = PBXSourcesBuildPhase;
			buildActionMask = 2147483647;
			files = (
				13B07FBC1A68108700A75B9A /* AppDelegate.m in Sources */,
				13B07FC11A68108700A75B9A /* main.m in Sources */,
			);
			runOnlyForDeploymentPostprocessing = 0;
		};
/* End PBXSourcesBuildPhase section */

/* Begin PBXTargetDependency section */
		00E356F51AD99517003FC87E /* PBXTargetDependency */ = {
			isa = PBXTargetDependency;
			target = 13B07F861A680F5B00A75B9A /* laundrydeliveryboy */;
			targetProxy = 00E356F41AD99517003FC87E /* PBXContainerItemProxy */;
		};
/* End PBXTargetDependency section */

/* Begin XCBuildConfiguration section */
		00E356F61AD99517003FC87E /* Debug */ = {
			isa = XCBuildConfiguration;
			buildSettings = {
				BUNDLE_LOADER = "$(TEST_HOST)";
				GCC_PREPROCESSOR_DEFINITIONS = (
					"DEBUG=1",
					"$(inherited)",
				);
				INFOPLIST_FILE = laundrydeliveryboyTests/Info.plist;
				IPHONEOS_DEPLOYMENT_TARGET = 10.0;
				LD_RUNPATH_SEARCH_PATHS = (
					"$(inherited)",
					"@executable_path/Frameworks",
					"@loader_path/Frameworks",
				);
				OTHER_LDFLAGS = (
					"-ObjC",
					"-lc++",
					"$(inherited)",
				);
				PRODUCT_BUNDLE_IDENTIFIER = "org.reactjs.native.example.$(PRODUCT_NAME:rfc1034identifier)";
				PRODUCT_NAME = "$(TARGET_NAME)";
				TEST_HOST = "$(BUILT_PRODUCTS_DIR)/laundrydeliveryboy.app/laundrydeliveryboy";
			};
			name = Debug;
		};
		00E356F71AD99517003FC87E /* Release */ = {
			isa = XCBuildConfiguration;
			buildSettings = {
				BUNDLE_LOADER = "$(TEST_HOST)";
				COPY_PHASE_STRIP = NO;
				INFOPLIST_FILE = laundrydeliveryboyTests/Info.plist;
				IPHONEOS_DEPLOYMENT_TARGET = 10.0;
				LD_RUNPATH_SEARCH_PATHS = (
					"$(inherited)",
					"@executable_path/Frameworks",
					"@loader_path/Frameworks",
				);
				OTHER_LDFLAGS = (
					"-ObjC",
					"-lc++",
					"$(inherited)",
				);
				PRODUCT_BUNDLE_IDENTIFIER = "org.reactjs.native.example.$(PRODUCT_NAME:rfc1034identifier)";
				PRODUCT_NAME = "$(TARGET_NAME)";
				TEST_HOST = "$(BUILT_PRODUCTS_DIR)/laundrydeliveryboy.app/laundrydeliveryboy";
			};
			name = Release;
		};
		13B07F941A680F5B00A75B9A /* Debug */ = {
			isa = XCBuildConfiguration;
			buildSettings = {
				ASSETCATALOG_COMPILER_APPICON_NAME = AppIcon;
				CLANG_ENABLE_MODULES = YES;
				CURRENT_PROJECT_VERSION = 1;
				ENABLE_BITCODE = NO;
				INFOPLIST_FILE = laundrydeliveryboy/Info.plist;
				LD_RUNPATH_SEARCH_PATHS = (
					"$(inherited)",
					"@executable_path/Frameworks",
				);
				OTHER_LDFLAGS = (
					"$(inherited)",
					"-ObjC",
					"-lc++",
				);
				PRODUCT_BUNDLE_IDENTIFIER = "org.reactjs.native.example.$(PRODUCT_NAME:rfc1034identifier)";
				PRODUCT_NAME = laundrydeliveryboy;
				SWIFT_OPTIMIZATION_LEVEL = "-Onone";
				SWIFT_VERSION = 5.0;
				VERSIONING_SYSTEM = "apple-generic";
			};
			name = Debug;
		};
		13B07F951A680F5B00A75B9A /* Release */ = {
			isa = XCBuildConfiguration;
			buildSettings = {
				ASSETCATALOG_COMPILER_APPICON_NAME = AppIcon;
				CLANG_ENABLE_MODULES = YES;
				CURRENT_PROJECT_VERSION = 1;
				INFOPLIST_FILE = laundrydeliveryboy/Info.plist;
				LD_RUNPATH_SEARCH_PATHS = (
					"$(inherited)",
					"@executable_path/Frameworks",
				);
				OTHER_LDFLAGS = (
					"$(inherited)",
					"-ObjC",
					"-lc++",
				);
				PRODUCT_BUNDLE_IDENTIFIER = "org.reactjs.native.example.$(PRODUCT_NAME:rfc1034identifier)";
				PRODUCT_NAME = laundrydeliveryboy;
				SWIFT_VERSION = 5.0;
				VERSIONING_SYSTEM = "apple-generic";
			};
			name = Release;
		};
		83CBBA201A601CBA00E9B192 /* Debug */ = {
			isa = XCBuildConfiguration;
			buildSettings = {
				ALWAYS_SEARCH_USER_PATHS = NO;
				CLANG_ANALYZER_LOCALIZABILITY_NONLOCALIZED = YES;
				CLANG_CXX_LANGUAGE_STANDARD = "gnu++0x";
				CLANG_CXX_LIBRARY = "libc++";
				CLANG_ENABLE_MODULES = YES;
				CLANG_ENABLE_OBJC_ARC = YES;
				CLANG_WARN_BLOCK_CAPTURE_AUTORELEASING = YES;
				CLANG_WARN_BOOL_CONVERSION = YES;
				CLANG_WARN_COMMA = YES;
				CLANG_WARN_CONSTANT_CONVERSION = YES;
				CLANG_WARN_DEPRECATED_OBJC_IMPLEMENTATIONS = YES;
				CLANG_WARN_DIRECT_OBJC_ISA_USAGE = YES_ERROR;
				CLANG_WARN_EMPTY_BODY = YES;
				CLANG_WARN_ENUM_CONVERSION = YES;
				CLANG_WARN_INFINITE_RECURSION = YES;
				CLANG_WARN_INT_CONVERSION = YES;
				CLANG_WARN_NON_LITERAL_NULL_CONVERSION = YES;
				CLANG_WARN_OBJC_IMPLICIT_RETAIN_SELF = YES;
				CLANG_WARN_OBJC_LITERAL_CONVERSION = YES;
				CLANG_WARN_OBJC_ROOT_CLASS = YES_ERROR;
				CLANG_WARN_QUOTED_INCLUDE_IN_FRAMEWORK_HEADER = YES;
				CLANG_WARN_RANGE_LOOP_ANALYSIS = YES;
				CLANG_WARN_STRICT_PROTOTYPES = YES;
				CLANG_WARN_SUSPICIOUS_MOVE = YES;
				CLANG_WARN_UNREACHABLE_CODE = YES;
				CLANG_WARN__DUPLICATE_METHOD_MATCH = YES;
				"CODE_SIGN_IDENTITY[sdk=iphoneos*]" = "iPhone Developer";
				COPY_PHASE_STRIP = NO;
				ENABLE_STRICT_OBJC_MSGSEND = YES;
				ENABLE_TESTABILITY = YES;
				GCC_C_LANGUAGE_STANDARD = gnu99;
				GCC_DYNAMIC_NO_PIC = NO;
				GCC_NO_COMMON_BLOCKS = YES;
				GCC_OPTIMIZATION_LEVEL = 0;
				GCC_PREPROCESSOR_DEFINITIONS = (
					"DEBUG=1",
					"$(inherited)",
				);
				GCC_SYMBOLS_PRIVATE_EXTERN = NO;
				GCC_WARN_64_TO_32_BIT_CONVERSION = YES;
				GCC_WARN_ABOUT_RETURN_TYPE = YES_ERROR;
				GCC_WARN_UNDECLARED_SELECTOR = YES;
				GCC_WARN_UNINITIALIZED_AUTOS = YES_AGGRESSIVE;
				GCC_WARN_UNUSED_FUNCTION = YES;
				GCC_WARN_UNUSED_VARIABLE = YES;
				IPHONEOS_DEPLOYMENT_TARGET = 10.0;
				LD_RUNPATH_SEARCH_PATHS = (
					/usr/lib/swift,
					"$(inherited)",
				);
				LIBRARY_SEARCH_PATHS = (
					"\"$(TOOLCHAIN_DIR)/usr/lib/swift/$(PLATFORM_NAME)\"",
					"\"$(TOOLCHAIN_DIR)/usr/lib/swift-5.0/$(PLATFORM_NAME)\"",
					"\"$(inherited)\"",
				);
				MTL_ENABLE_DEBUG_INFO = YES;
				ONLY_ACTIVE_ARCH = YES;
				SDKROOT = iphoneos;
			};
			name = Debug;
		};
		83CBBA211A601CBA00E9B192 /* Release */ = {
			isa = XCBuildConfiguration;
			buildSettings = {
				ALWAYS_SEARCH_USER_PATHS = NO;
				CLANG_ANALYZER_LOCALIZABILITY_NONLOCALIZED = YES;
				CLANG_CXX_LANGUAGE_STANDARD = "gnu++0x";
				CLANG_CXX_LIBRARY = "libc++";
				CLANG_ENABLE_MODULES = YES;
				CLANG_ENABLE_OBJC_ARC = YES;
				CLANG_WARN_BLOCK_CAPTURE_AUTORELEASING = YES;
				CLANG_WARN_BOOL_CONVERSION = YES;
				CLANG_WARN_COMMA = YES;
				CLANG_WARN_CONSTANT_CONVERSION = YES;
				CLANG_WARN_DEPRECATED_OBJC_IMPLEMENTATIONS = YES;
				CLANG_WARN_DIRECT_OBJC_ISA_USAGE = YES_ERROR;
				CLANG_WARN_EMPTY_BODY = YES;
				CLANG_WARN_ENUM_CONVERSION = YES;
				CLANG_WARN_INFINITE_RECURSION = YES;
				CLANG_WARN_INT_CONVERSION = YES;
				CLANG_WARN_NON_LITERAL_NULL_CONVERSION = YES;
				CLANG_WARN_OBJC_IMPLICIT_RETAIN_SELF = YES;
				CLANG_WARN_OBJC_LITERAL_CONVERSION = YES;
				CLANG_WARN_OBJC_ROOT_CLASS = YES_ERROR;
				CLANG_WARN_QUOTED_INCLUDE_IN_FRAMEWORK_HEADER = YES;
				CLANG_WARN_RANGE_LOOP_ANALYSIS = YES;
				CLANG_WARN_STRICT_PROTOTYPES = YES;
				CLANG_WARN_SUSPICIOUS_MOVE = YES;
				CLANG_WARN_UNREACHABLE_CODE = YES;
				CLANG_WARN__DUPLICATE_METHOD_MATCH = YES;
				"CODE_SIGN_IDENTITY[sdk=iphoneos*]" = "iPhone Developer";
				COPY_PHASE_STRIP = YES;
				ENABLE_NS_ASSERTIONS = NO;
				ENABLE_STRICT_OBJC_MSGSEND = YES;
				GCC_C_LANGUAGE_STANDARD = gnu99;
				GCC_NO_COMMON_BLOCKS = YES;
				GCC_WARN_64_TO_32_BIT_CONVERSION = YES;
				GCC_WARN_ABOUT_RETURN_TYPE = YES_ERROR;
				GCC_WARN_UNDECLARED_SELECTOR = YES;
				GCC_WARN_UNINITIALIZED_AUTOS = YES_AGGRESSIVE;
				GCC_WARN_UNUSED_FUNCTION = YES;
				GCC_WARN_UNUSED_VARIABLE = YES;
				IPHONEOS_DEPLOYMENT_TARGET = 10.0;
				LD_RUNPATH_SEARCH_PATHS = (
					/usr/lib/swift,
					"$(inherited)",
				);
				LIBRARY_SEARCH_PATHS = (
					"\"$(TOOLCHAIN_DIR)/usr/lib/swift/$(PLATFORM_NAME)\"",
					"\"$(TOOLCHAIN_DIR)/usr/lib/swift-5.0/$(PLATFORM_NAME)\"",
					"\"$(inherited)\"",
				);
				MTL_ENABLE_DEBUG_INFO = NO;
				SDKROOT = iphoneos;
				VALIDATE_PRODUCT = YES;
			};
			name = Release;
		};
/* End XCBuildConfiguration section */

/* Begin XCConfigurationList section */
		00E357021AD99517003FC87E /* Build configuration list for PBXNativeTarget "laundrydeliveryboyTests" */ = {
			isa = XCConfigurationList;
			buildConfigurations = (
				00E356F61AD99517003FC87E /* Debug */,
				00E356F71AD99517003FC87E /* Release */,
			);
			defaultConfigurationIsVisible = 0;
			defaultConfigurationName = Release;
		};
		13B07F931A680F5B00A75B9A /* Build configuration list for PBXNativeTarget "laundrydeliveryboy" */ = {
			isa = XCConfigurationList;
			buildConfigurations = (
				13B07F941A680F5B00A75B9A /* Debug */,
				13B07F951A680F5B00A75B9A /* Release */,
			);
			defaultConfigurationIsVisible = 0;
			defaultConfigurationName = Release;
		};
		83CBB9FA1A601CBA00E9B192 /* Build configuration list for PBXProject "laundrydeliveryboy" */ = {
			isa = XCConfigurationList;
			buildConfigurations = (
				83CBBA201A601CBA00E9B192 /* Debug */,
				83CBBA211A601CBA00E9B192 /* Release */,
			);
			defaultConfigurationIsVisible = 0;
			defaultConfigurationName = Release;
		};
/* End XCConfigurationList section */
	};
	rootObject = 83CBB9F71A601CBA00E9B192 /* Project object */;
}
